
Microsoft Visual Studio Solution File, Format Version 12.00
# Visual Studio Version 16
VisualStudioVersion = 16.0.30320.27
MinimumVisualStudioVersion = 10.0.40219.1
Project("{FAE04EC0-301F-11D3-BF4B-00C04F79EFBC}") = "SkillTracker", "SkillTracker.csproj", "{81613692-9962-44FB-A391-4A57D9615C97}"
EndProject
Project("{FAE04EC0-301F-11D3-BF4B-00C04F79EFBC}") = "SkillTracker.BusinessLayer", "..\SkillTracker.BusinessLayer\SkillTracker.BusinessLayer.csproj", "{4A24A322-3E63-4F2F-AE5C-21456D54B776}"
EndProject
Project("{FAE04EC0-301F-11D3-BF4B-00C04F79EFBC}") = "SkillTracker.Entities", "..\SkillTracker.Entities\SkillTracker.Entities.csproj", "{D55F58F0-D3B0-4A63-B3E3-BB6C09B61C4B}"
EndProject
Project("{FAE04EC0-301F-11D3-BF4B-00C04F79EFBC}") = "SkillTracker.Tests", "..\SkillTracker.Tests\SkillTracker.Tests.csproj", "{1C42CBF3-D4FB-428A-B4A7-C5F1EF7C11EE}"
EndProject
Project("{FAE04EC0-301F-11D3-BF4B-00C04F79EFBC}") = "SkillTracker.DataLayer", "..\SkillTracker.DataLayer\SkillTracker.DataLayer.csproj", "{5B6FC00B-7479-48FA-A64B-AF36B15A2E6F}"
EndProject
Global
	GlobalSection(SolutionConfigurationPlatforms) = preSolution
		Debug|Any CPU = Debug|Any CPU
		Release|Any CPU = Release|Any CPU
	EndGlobalSection
	GlobalSection(ProjectConfigurationPlatforms) = postSolution
		{81613692-9962-44FB-A391-4A57D9615C97}.Debug|Any CPU.ActiveCfg = Debug|Any CPU
		{81613692-9962-44FB-A391-4A57D9615C97}.Debug|Any CPU.Build.0 = Debug|Any CPU
		{81613692-9962-44FB-A391-4A57D9615C97}.Release|Any CPU.ActiveCfg = Release|Any CPU
		{81613692-9962-44FB-A391-4A57D9615C97}.Release|Any CPU.Build.0 = Release|Any CPU
		{4A24A322-3E63-4F2F-AE5C-21456D54B776}.Debug|Any CPU.ActiveCfg = Debug|Any CPU
		{4A24A322-3E63-4F2F-AE5C-21456D54B776}.Debug|Any CPU.Build.0 = Debug|Any CPU
		{4A24A322-3E63-4F2F-AE5C-21456D54B776}.Release|Any CPU.ActiveCfg = Release|Any CPU
		{4A24A322-3E63-4F2F-AE5C-21456D54B776}.Release|Any CPU.Build.0 = Release|Any CPU
		{D55F58F0-D3B0-4A63-B3E3-BB6C09B61C4B}.Debug|Any CPU.ActiveCfg = Debug|Any CPU
		{D55F58F0-D3B0-4A63-B3E3-BB6C09B61C4B}.Debug|Any CPU.Build.0 = Debug|Any CPU
		{D55F58F0-D3B0-4A63-B3E3-BB6C09B61C4B}.Release|Any CPU.ActiveCfg = Release|Any CPU
		{D55F58F0-D3B0-4A63-B3E3-BB6C09B61C4B}.Release|Any CPU.Build.0 = Release|Any CPU
		{1C42CBF3-D4FB-428A-B4A7-C5F1EF7C11EE}.Debug|Any CPU.ActiveCfg = Debug|Any CPU
		{1C42CBF3-D4FB-428A-B4A7-C5F1EF7C11EE}.Debug|Any CPU.Build.0 = Debug|Any CPU
		{1C42CBF3-D4FB-428A-B4A7-C5F1EF7C11EE}.Release|Any CPU.ActiveCfg = Release|Any CPU
		{1C42CBF3-D4FB-428A-B4A7-C5F1EF7C11EE}.Release|Any CPU.Build.0 = Release|Any CPU
		{5B6FC00B-7479-48FA-A64B-AF36B15A2E6F}.Debug|Any CPU.ActiveCfg = Debug|Any CPU
		{5B6FC00B-7479-48FA-A64B-AF36B15A2E6F}.Debug|Any CPU.Build.0 = Debug|Any CPU
		{5B6FC00B-7479-48FA-A64B-AF36B15A2E6F}.Release|Any CPU.ActiveCfg = Release|Any CPU
		{5B6FC00B-7479-48FA-A64B-AF36B15A2E6F}.Release|Any CPU.Build.0 = Release|Any CPU
	EndGlobalSection
	GlobalSection(SolutionProperties) = preSolution
		HideSolutionNode = FALSE
	EndGlobalSection
	GlobalSection(ExtensibilityGlobals) = postSolution
		SolutionGuid = {B15A5209-6E81-410E-BED3-C057DC6EAF48}
	EndGlobalSection
EndGlobal
